
Microsoft Visual Studio Solution File, Format Version 12.00
# Visual Studio Version 17
VisualStudioVersion = 17.10.35013.160
MinimumVisualStudioVersion = 10.0.40219.1
Project("{9A19103F-16F7-4668-BE54-9A1E7A4F7556}") = "SensorTelemetryService", "SensorTelemetryService\SensorTelemetryService.csproj", "{FA303A68-220D-474B-A88D-2CAC5F248A95}"
EndProject
Project("{9A19103F-16F7-4668-BE54-9A1E7A4F7556}") = "SensorTelemetryService.AppHost", "SensorTelemetryService.AppHost\SensorTelemetryService.AppHost.csproj", "{F9657C34-E476-4BCB-8FA2-6446D00C2EF9}"
EndProject
Project("{2150E333-8FDC-42A3-9474-1A3956D46DE8}") = "Solution Items", "Solution Items", "{DECC9D3F-82BE-4BC3-833F-2E94E66EAB82}"
	ProjectSection(SolutionItems) = preProject
		.editorconfig = .editorconfig
		.gitattributes = .gitattributes
		.gitignore = .gitignore
		Analyzers.ruleset = Analyzers.ruleset
		Directory.Build.props = Directory.Build.props
		Directory.Build.targets = Directory.Build.targets
		LICENSE = LICENSE
		README.md = README.md
	EndProjectSection
EndProject
Global
	GlobalSection(SolutionConfigurationPlatforms) = preSolution
		Debug|Any CPU = Debug|Any CPU
		Release|Any CPU = Release|Any CPU
	EndGlobalSection
	GlobalSection(ProjectConfigurationPlatforms) = postSolution
		{FA303A68-220D-474B-A88D-2CAC5F248A95}.Debug|Any CPU.ActiveCfg = Debug|Any CPU
		{FA303A68-220D-474B-A88D-2CAC5F248A95}.Debug|Any CPU.Build.0 = Debug|Any CPU
		{FA303A68-220D-474B-A88D-2CAC5F248A95}.Release|Any CPU.ActiveCfg = Release|Any CPU
		{FA303A68-220D-474B-A88D-2CAC5F248A95}.Release|Any CPU.Build.0 = Release|Any CPU
		{F9657C34-E476-4BCB-8FA2-6446D00C2EF9}.Debug|Any CPU.ActiveCfg = Debug|Any CPU
		{F9657C34-E476-4BCB-8FA2-6446D00C2EF9}.Debug|Any CPU.Build.0 = Debug|Any CPU
		{F9657C34-E476-4BCB-8FA2-6446D00C2EF9}.Release|Any CPU.ActiveCfg = Release|Any CPU
		{F9657C34-E476-4BCB-8FA2-6446D00C2EF9}.Release|Any CPU.Build.0 = Release|Any CPU
	EndGlobalSection
	GlobalSection(SolutionProperties) = preSolution
		HideSolutionNode = FALSE
	EndGlobalSection
	GlobalSection(ExtensibilityGlobals) = postSolution
		SolutionGuid = {EC8DE038-E474-4F4F-AED5-740793B49CC9}
	EndGlobalSection
EndGlobal
